{
  "version": 4,
  "terraform_version": "1.13.3",
  "serial": 11,
  "lineage": "7c0ac1aa-b981-6945-82b1-855f309cc8c5",
  "outputs": {},
  "resources": [
    {
      "mode": "managed",
      "type": "random_id",
      "name": "server",
      "provider": "provider[\"registry.terraform.io/hashicorp/random\"]",
      "instances": [
        {
          "schema_version": 0,
          "attributes": {
            "b64_std": "dDbzxVnZmrs=",
            "b64_url": "dDbzxVnZmrs",
            "byte_length": 8,
            "dec": "8374148586083556027",
            "hex": "7436f3c559d99abb",
            "id": "dDbzxVnZmrs",
            "keepers": null,
            "prefix": null
          },
          "sensitive_attributes": [],
          "identity_schema_version": 0
        }
      ]
    }
  ],
  "check_results": null
}
